
Microsoft Visual Studio Solution File, Format Version 12.00
# Visual Studio 2013
VisualStudioVersion = 12.0.31101.0
MinimumVisualStudioVersion = 10.0.40219.1
Project("{FAE04EC0-301F-11D3-BF4B-00C04F79EFBC}") = "InforWhats", "InforWhats.csproj", "{E5071235-415D-434E-B9FD-91FD55AF856D}"
EndProject
Global
	GlobalSection(SolutionConfigurationPlatforms) = preSolution
		Debug|Any CPU = Debug|Any CPU
		Release|Any CPU = Release|Any CPU
	EndGlobalSection
	GlobalSection(ProjectConfigurationPlatforms) = postSolution
		{E5071235-415D-434E-B9FD-91FD55AF856D}.Debug|Any CPU.ActiveCfg = Debug|Any CPU
		{E5071235-415D-434E-B9FD-91FD55AF856D}.Debug|Any CPU.Build.0 = Debug|Any CPU
		{E5071235-415D-434E-B9FD-91FD55AF856D}.Release|Any CPU.ActiveCfg = Release|Any CPU
		{E5071235-415D-434E-B9FD-91FD55AF856D}.Release|Any CPU.Build.0 = Release|Any CPU
	EndGlobalSection
	GlobalSection(SolutionProperties) = preSolution
		HideSolutionNode = FALSE
	EndGlobalSection
EndGlobal
